// !$*UTF8*$!
{
	archiveVersion = 1;
	classes = {
	};
	objectVersion = 56;
	objects = {

/* Begin PBXBuildFile section */
		B31252B02A99308E0073A940 /* CategoryCollectionViewCell.xib in Resources */ = {isa = PBXBuildFile; fileRef = B31252AF2A99308E0073A940 /* CategoryCollectionViewCell.xib */; };
		B312D14F2A99D412004CDD8D /* UIColor.swift in Sources */ = {isa = PBXBuildFile; fileRef = B312D14E2A99D412004CDD8D /* UIColor.swift */; };
		B3CCD22C2A98DBC100B45352 /* AppDelegate.swift in Sources */ = {isa = PBXBuildFile; fileRef = B3CCD22B2A98DBC100B45352 /* AppDelegate.swift */; };
		B3CCD22E2A98DBC100B45352 /* SceneDelegate.swift in Sources */ = {isa = PBXBuildFile; fileRef = B3CCD22D2A98DBC100B45352 /* SceneDelegate.swift */; };
		B3CCD2302A98DBC100B45352 /* ViewController.swift in Sources */ = {isa = PBXBuildFile; fileRef = B3CCD22F2A98DBC100B45352 /* ViewController.swift */; };
		B3CCD2332A98DBC100B45352 /* Main.storyboard in Resources */ = {isa = PBXBuildFile; fileRef = B3CCD2312A98DBC100B45352 /* Main.storyboard */; };
		B3CCD2362A98DBC100B45352 /* RewardzTest.xcdatamodeld in Sources */ = {isa = PBXBuildFile; fileRef = B3CCD2342A98DBC100B45352 /* RewardzTest.xcdatamodeld */; };
		B3CCD2382A98DBC200B45352 /* Assets.xcassets in Resources */ = {isa = PBXBuildFile; fileRef = B3CCD2372A98DBC200B45352 /* Assets.xcassets */; };
		B3CCD23B2A98DBC200B45352 /* LaunchScreen.storyboard in Resources */ = {isa = PBXBuildFile; fileRef = B3CCD2392A98DBC200B45352 /* LaunchScreen.storyboard */; };
		B3CCD2462A98DBC200B45352 /* RewardzTestTests.swift in Sources */ = {isa = PBXBuildFile; fileRef = B3CCD2452A98DBC200B45352 /* RewardzTestTests.swift */; };
		B3CCD2502A98DBC200B45352 /* RewardzTestUITests.swift in Sources */ = {isa = PBXBuildFile; fileRef = B3CCD24F2A98DBC200B45352 /* RewardzTestUITests.swift */; };
		B3CCD2522A98DBC200B45352 /* RewardzTestUITestsLaunchTests.swift in Sources */ = {isa = PBXBuildFile; fileRef = B3CCD2512A98DBC200B45352 /* RewardzTestUITestsLaunchTests.swift */; };
		B3CCD2642A98E57500B45352 /* Brandon_reg_it.otf in Resources */ = {isa = PBXBuildFile; fileRef = B3CCD25F2A98E57500B45352 /* Brandon_reg_it.otf */; };
		B3CCD2652A98E57500B45352 /* Brandon_blk.otf in Resources */ = {isa = PBXBuildFile; fileRef = B3CCD2602A98E57500B45352 /* Brandon_blk.otf */; };
		B3CCD2662A98E57500B45352 /* Brandon_med.otf in Resources */ = {isa = PBXBuildFile; fileRef = B3CCD2612A98E57500B45352 /* Brandon_med.otf */; };
		B3CCD2672A98E57500B45352 /* Brandon_bld.otf in Resources */ = {isa = PBXBuildFile; fileRef = B3CCD2622A98E57500B45352 /* Brandon_bld.otf */; };
		B3CCD2682A98E57500B45352 /* Brandon_reg.otf in Resources */ = {isa = PBXBuildFile; fileRef = B3CCD2632A98E57500B45352 /* Brandon_reg.otf */; };
		B3CCD26A2A98F29700B45352 /* AutheticationViewController.swift in Sources */ = {isa = PBXBuildFile; fileRef = B3CCD2692A98F29700B45352 /* AutheticationViewController.swift */; };
		B3CCD26C2A99086000B45352 /* HomeViewController.swift in Sources */ = {isa = PBXBuildFile; fileRef = B3CCD26B2A99086000B45352 /* HomeViewController.swift */; };
		B3CCD26E2A991E8500B45352 /* collectionViewCell.swift in Sources */ = {isa = PBXBuildFile; fileRef = B3CCD26D2A991E8500B45352 /* collectionViewCell.swift */; };
		B3CCD2702A99210500B45352 /* collectionViewCell.xib in Resources */ = {isa = PBXBuildFile; fileRef = B3CCD26F2A99210500B45352 /* collectionViewCell.xib */; };
/* End PBXBuildFile section */

/* Begin PBXContainerItemProxy section */
		B3CCD2422A98DBC200B45352 /* PBXContainerItemProxy */ = {
			isa = PBXContainerItemProxy;
			containerPortal = B3CCD2202A98DBC100B45352 /* Project object */;
			proxyType = 1;
			remoteGlobalIDString = B3CCD2272A98DBC100B45352;
			remoteInfo = RewardzTest;
		};
		B3CCD24C2A98DBC200B45352 /* PBXContainerItemProxy */ = {
			isa = PBXContainerItemProxy;
			containerPortal = B3CCD2202A98DBC100B45352 /* Project object */;
			proxyType = 1;
			remoteGlobalIDString = B3CCD2272A98DBC100B45352;
			remoteInfo = RewardzTest;
		};
/* End PBXContainerItemProxy section */

/* Begin PBXFileReference section */
		B31252AF2A99308E0073A940 /* CategoryCollectionViewCell.xib */ = {isa = PBXFileReference; lastKnownFileType = file.xib; path = CategoryCollectionViewCell.xib; sourceTree = "<group>"; };
		B312D14E2A99D412004CDD8D /* UIColor.swift */ = {isa = PBXFileReference; lastKnownFileType = sourcecode.swift; path = UIColor.swift; sourceTree = "<group>"; };
		B3CCD2282A98DBC100B45352 /* RewardzTest.app */ = {isa = PBXFileReference; explicitFileType = wrapper.application; includeInIndex = 0; path = RewardzTest.app; sourceTree = BUILT_PRODUCTS_DIR; };
		B3CCD22B2A98DBC100B45352 /* AppDelegate.swift */ = {isa = PBXFileReference; lastKnownFileType = sourcecode.swift; path = AppDelegate.swift; sourceTree = "<group>"; };
		B3CCD22D2A98DBC100B45352 /* SceneDelegate.swift */ = {isa = PBXFileReference; lastKnownFileType = sourcecode.swift; path = SceneDelegate.swift; sourceTree = "<group>"; };
		B3CCD22F2A98DBC100B45352 /* ViewController.swift */ = {isa = PBXFileReference; lastKnownFileType = sourcecode.swift; path = ViewController.swift; sourceTree = "<group>"; };
		B3CCD2322A98DBC100B45352 /* Base */ = {isa = PBXFileReference; lastKnownFileType = file.storyboard; name = Base; path = Base.lproj/Main.storyboard; sourceTree = "<group>"; };
		B3CCD2352A98DBC100B45352 /* RewardzTest.xcdatamodel */ = {isa = PBXFileReference; lastKnownFileType = wrapper.xcdatamodel; path = RewardzTest.xcdatamodel; sourceTree = "<group>"; };
		B3CCD2372A98DBC200B45352 /* Assets.xcassets */ = {isa = PBXFileReference; lastKnownFileType = folder.assetcatalog; path = Assets.xcassets; sourceTree = "<group>"; };
		B3CCD23A2A98DBC200B45352 /* Base */ = {isa = PBXFileReference; lastKnownFileType = file.storyboard; name = Base; path = Base.lproj/LaunchScreen.storyboard; sourceTree = "<group>"; };
		B3CCD23C2A98DBC200B45352 /* Info.plist */ = {isa = PBXFileReference; lastKnownFileType = text.plist.xml; path = Info.plist; sourceTree = "<group>"; };
		B3CCD2412A98DBC200B45352 /* RewardzTestTests.xctest */ = {isa = PBXFileReference; explicitFileType = wrapper.cfbundle; includeInIndex = 0; path = RewardzTestTests.xctest; sourceTree = BUILT_PRODUCTS_DIR; };
		B3CCD2452A98DBC200B45352 /* RewardzTestTests.swift */ = {isa = PBXFileReference; lastKnownFileType = sourcecode.swift; path = RewardzTestTests.swift; sourceTree = "<group>"; };
		B3CCD24B2A98DBC200B45352 /* RewardzTestUITests.xctest */ = {isa = PBXFileReference; explicitFileType = wrapper.cfbundle; includeInIndex = 0; path = RewardzTestUITests.xctest; sourceTree = BUILT_PRODUCTS_DIR; };
		B3CCD24F2A98DBC200B45352 /* RewardzTestUITests.swift */ = {isa = PBXFileReference; lastKnownFileType = sourcecode.swift; path = RewardzTestUITests.swift; sourceTree = "<group>"; };
		B3CCD2512A98DBC200B45352 /* RewardzTestUITestsLaunchTests.swift */ = {isa = PBXFileReference; lastKnownFileType = sourcecode.swift; path = RewardzTestUITestsLaunchTests.swift; sourceTree = "<group>"; };
		B3CCD25F2A98E57500B45352 /* Brandon_reg_it.otf */ = {isa = PBXFileReference; lastKnownFileType = file; path = Brandon_reg_it.otf; sourceTree = "<group>"; };
		B3CCD2602A98E57500B45352 /* Brandon_blk.otf */ = {isa = PBXFileReference; lastKnownFileType = file; path = Brandon_blk.otf; sourceTree = "<group>"; };
		B3CCD2612A98E57500B45352 /* Brandon_med.otf */ = {isa = PBXFileReference; lastKnownFileType = file; path = Brandon_med.otf; sourceTree = "<group>"; };
		B3CCD2622A98E57500B45352 /* Brandon_bld.otf */ = {isa = PBXFileReference; lastKnownFileType = file; path = Brandon_bld.otf; sourceTree = "<group>"; };
		B3CCD2632A98E57500B45352 /* Brandon_reg.otf */ = {isa = PBXFileReference; lastKnownFileType = file; path = Brandon_reg.otf; sourceTree = "<group>"; };
		B3CCD2692A98F29700B45352 /* AutheticationViewController.swift */ = {isa = PBXFileReference; lastKnownFileType = sourcecode.swift; path = AutheticationViewController.swift; sourceTree = "<group>"; };
		B3CCD26B2A99086000B45352 /* HomeViewController.swift */ = {isa = PBXFileReference; lastKnownFileType = sourcecode.swift; path = HomeViewController.swift; sourceTree = "<group>"; };
		B3CCD26D2A991E8500B45352 /* collectionViewCell.swift */ = {isa = PBXFileReference; lastKnownFileType = sourcecode.swift; path = collectionViewCell.swift; sourceTree = "<group>"; };
		B3CCD26F2A99210500B45352 /* collectionViewCell.xib */ = {isa = PBXFileReference; lastKnownFileType = file.xib; path = collectionViewCell.xib; sourceTree = "<group>"; };
/* End PBXFileReference section */

/* Begin PBXFrameworksBuildPhase section */
		B3CCD2252A98DBC100B45352 /* Frameworks */ = {
			isa = PBXFrameworksBuildPhase;
			buildActionMask = 2147483647;
			files = (
			);
			runOnlyForDeploymentPostprocessing = 0;
		};
		B3CCD23E2A98DBC200B45352 /* Frameworks */ = {
			isa = PBXFrameworksBuildPhase;
			buildActionMask = 2147483647;
			files = (
			);
			runOnlyForDeploymentPostprocessing = 0;
		};
		B3CCD2482A98DBC200B45352 /* Frameworks */ = {
			isa = PBXFrameworksBuildPhase;
			buildActionMask = 2147483647;
			files = (
			);
			runOnlyForDeploymentPostprocessing = 0;
		};
/* End PBXFrameworksBuildPhase section */

/* Begin PBXGroup section */
		B312D14D2A99D3D0004CDD8D /* Supported Color  */ = {
			isa = PBXGroup;
			children = (
				B312D14E2A99D412004CDD8D /* UIColor.swift */,
			);
			path = "Supported Color ";
			sourceTree = "<group>";
		};
		B3CCD21F2A98DBC100B45352 = {
			isa = PBXGroup;
			children = (
				B3CCD22A2A98DBC100B45352 /* RewardzTest */,
				B3CCD2442A98DBC200B45352 /* RewardzTestTests */,
				B3CCD24E2A98DBC200B45352 /* RewardzTestUITests */,
				B3CCD2292A98DBC100B45352 /* Products */,
			);
			sourceTree = "<group>";
		};
		B3CCD2292A98DBC100B45352 /* Products */ = {
			isa = PBXGroup;
			children = (
				B3CCD2282A98DBC100B45352 /* RewardzTest.app */,
				B3CCD2412A98DBC200B45352 /* RewardzTestTests.xctest */,
				B3CCD24B2A98DBC200B45352 /* RewardzTestUITests.xctest */,
			);
			name = Products;
			sourceTree = "<group>";
		};
		B3CCD22A2A98DBC100B45352 /* RewardzTest */ = {
			isa = PBXGroup;
			children = (
				B3CCD22B2A98DBC100B45352 /* AppDelegate.swift */,
				B3CCD22D2A98DBC100B45352 /* SceneDelegate.swift */,
				B3CCD22F2A98DBC100B45352 /* ViewController.swift */,
				B3CCD2692A98F29700B45352 /* AutheticationViewController.swift */,
				B3CCD26B2A99086000B45352 /* HomeViewController.swift */,
				B3CCD26D2A991E8500B45352 /* collectionViewCell.swift */,
				B3CCD26F2A99210500B45352 /* collectionViewCell.xib */,
				B31252AF2A99308E0073A940 /* CategoryCollectionViewCell.xib */,
				B312D14D2A99D3D0004CDD8D /* Supported Color  */,
				B3CCD25E2A98E10200B45352 /* SupportedFontFiles */,
				B3CCD2312A98DBC100B45352 /* Main.storyboard */,
				B3CCD2372A98DBC200B45352 /* Assets.xcassets */,
				B3CCD2392A98DBC200B45352 /* LaunchScreen.storyboard */,
				B3CCD23C2A98DBC200B45352 /* Info.plist */,
				B3CCD2342A98DBC100B45352 /* RewardzTest.xcdatamodeld */,
			);
			path = RewardzTest;
			sourceTree = "<group>";
		};
		B3CCD2442A98DBC200B45352 /* RewardzTestTests */ = {
			isa = PBXGroup;
			children = (
				B3CCD2452A98DBC200B45352 /* RewardzTestTests.swift */,
			);
			path = RewardzTestTests;
			sourceTree = "<group>";
		};
		B3CCD24E2A98DBC200B45352 /* RewardzTestUITests */ = {
			isa = PBXGroup;
			children = (
				B3CCD24F2A98DBC200B45352 /* RewardzTestUITests.swift */,
				B3CCD2512A98DBC200B45352 /* RewardzTestUITestsLaunchTests.swift */,
			);
			path = RewardzTestUITests;
			sourceTree = "<group>";
		};
		B3CCD25E2A98E10200B45352 /* SupportedFontFiles */ = {
			isa = PBXGroup;
			children = (
				B3CCD2622A98E57500B45352 /* Brandon_bld.otf */,
				B3CCD2602A98E57500B45352 /* Brandon_blk.otf */,
				B3CCD2612A98E57500B45352 /* Brandon_med.otf */,
				B3CCD25F2A98E57500B45352 /* Brandon_reg_it.otf */,
				B3CCD2632A98E57500B45352 /* Brandon_reg.otf */,
			);
			path = SupportedFontFiles;
			sourceTree = "<group>";
		};
/* End PBXGroup section */

/* Begin PBXNativeTarget section */
		B3CCD2272A98DBC100B45352 /* RewardzTest */ = {
			isa = PBXNativeTarget;
			buildConfigurationList = B3CCD2552A98DBC200B45352 /* Build configuration list for PBXNativeTarget "RewardzTest" */;
			buildPhases = (
				B3CCD2242A98DBC100B45352 /* Sources */,
				B3CCD2252A98DBC100B45352 /* Frameworks */,
				B3CCD2262A98DBC100B45352 /* Resources */,
			);
			buildRules = (
			);
			dependencies = (
			);
			name = RewardzTest;
			productName = RewardzTest;
			productReference = B3CCD2282A98DBC100B45352 /* RewardzTest.app */;
			productType = "com.apple.product-type.application";
		};
		B3CCD2402A98DBC200B45352 /* RewardzTestTests */ = {
			isa = PBXNativeTarget;
			buildConfigurationList = B3CCD2582A98DBC200B45352 /* Build configuration list for PBXNativeTarget "RewardzTestTests" */;
			buildPhases = (
				B3CCD23D2A98DBC200B45352 /* Sources */,
				B3CCD23E2A98DBC200B45352 /* Frameworks */,
				B3CCD23F2A98DBC200B45352 /* Resources */,
			);
			buildRules = (
			);
			dependencies = (
				B3CCD2432A98DBC200B45352 /* PBXTargetDependency */,
			);
			name = RewardzTestTests;
			productName = RewardzTestTests;
			productReference = B3CCD2412A98DBC200B45352 /* RewardzTestTests.xctest */;
			productType = "com.apple.product-type.bundle.unit-test";
		};
		B3CCD24A2A98DBC200B45352 /* RewardzTestUITests */ = {
			isa = PBXNativeTarget;
			buildConfigurationList = B3CCD25B2A98DBC200B45352 /* Build configuration list for PBXNativeTarget "RewardzTestUITests" */;
			buildPhases = (
				B3CCD2472A98DBC200B45352 /* Sources */,
				B3CCD2482A98DBC200B45352 /* Frameworks */,
				B3CCD2492A98DBC200B45352 /* Resources */,
			);
			buildRules = (
			);
			dependencies = (
				B3CCD24D2A98DBC200B45352 /* PBXTargetDependency */,
			);
			name = RewardzTestUITests;
			productName = RewardzTestUITests;
			productReference = B3CCD24B2A98DBC200B45352 /* RewardzTestUITests.xctest */;
			productType = "com.apple.product-type.bundle.ui-testing";
		};
/* End PBXNativeTarget section */

/* Begin PBXProject section */
		B3CCD2202A98DBC100B45352 /* Project object */ = {
			isa = PBXProject;
			attributes = {
				BuildIndependentTargetsInParallel = 1;
				LastSwiftUpdateCheck = 1430;
				LastUpgradeCheck = 1430;
				TargetAttributes = {
					B3CCD2272A98DBC100B45352 = {
						CreatedOnToolsVersion = 14.3.1;
					};
					B3CCD2402A98DBC200B45352 = {
						CreatedOnToolsVersion = 14.3.1;
						TestTargetID = B3CCD2272A98DBC100B45352;
					};
					B3CCD24A2A98DBC200B45352 = {
						CreatedOnToolsVersion = 14.3.1;
						TestTargetID = B3CCD2272A98DBC100B45352;
					};
				};
			};
			buildConfigurationList = B3CCD2232A98DBC100B45352 /* Build configuration list for PBXProject "RewardzTest" */;
			compatibilityVersion = "Xcode 14.0";
			developmentRegion = en;
			hasScannedForEncodings = 0;
			knownRegions = (
				en,
				Base,
			);
			mainGroup = B3CCD21F2A98DBC100B45352;
			productRefGroup = B3CCD2292A98DBC100B45352 /* Products */;
			projectDirPath = "";
			projectRoot = "";
			targets = (
				B3CCD2272A98DBC100B45352 /* RewardzTest */,
				B3CCD2402A98DBC200B45352 /* RewardzTestTests */,
				B3CCD24A2A98DBC200B45352 /* RewardzTestUITests */,
			);
		};
/* End PBXProject section */

/* Begin PBXResourcesBuildPhase section */
		B3CCD2262A98DBC100B45352 /* Resources */ = {
			isa = PBXResourcesBuildPhase;
			buildActionMask = 2147483647;
			files = (
				B3CCD2652A98E57500B45352 /* Brandon_blk.otf in Resources */,
				B3CCD23B2A98DBC200B45352 /* LaunchScreen.storyboard in Resources */,
				B3CCD2672A98E57500B45352 /* Brandon_bld.otf in Resources */,
				B3CCD2702A99210500B45352 /* collectionViewCell.xib in Resources */,
				B3CCD2382A98DBC200B45352 /* Assets.xcassets in Resources */,
				B3CCD2642A98E57500B45352 /* Brandon_reg_it.otf in Resources */,
				B31252B02A99308E0073A940 /* CategoryCollectionViewCell.xib in Resources */,
				B3CCD2332A98DBC100B45352 /* Main.storyboard in Resources */,
				B3CCD2662A98E57500B45352 /* Brandon_med.otf in Resources */,
				B3CCD2682A98E57500B45352 /* Brandon_reg.otf in Resources */,
			);
			runOnlyForDeploymentPostprocessing = 0;
		};
		B3CCD23F2A98DBC200B45352 /* Resources */ = {
			isa = PBXResourcesBuildPhase;
			buildActionMask = 2147483647;
			files = (
			);
			runOnlyForDeploymentPostprocessing = 0;
		};
		B3CCD2492A98DBC200B45352 /* Resources */ = {
			isa = PBXResourcesBuildPhase;
			buildActionMask = 2147483647;
			files = (
			);
			runOnlyForDeploymentPostprocessing = 0;
		};
/* End PBXResourcesBuildPhase section */

/* Begin PBXSourcesBuildPhase section */
		B3CCD2242A98DBC100B45352 /* Sources */ = {
			isa = PBXSourcesBuildPhase;
			buildActionMask = 2147483647;
			files = (
				B3CCD2302A98DBC100B45352 /* ViewController.swift in Sources */,
				B3CCD22C2A98DBC100B45352 /* AppDelegate.swift in Sources */,
				B3CCD22E2A98DBC100B45352 /* SceneDelegate.swift in Sources */,
				B3CCD2362A98DBC100B45352 /* RewardzTest.xcdatamodeld in Sources */,
				B312D14F2A99D412004CDD8D /* UIColor.swift in Sources */,
				B3CCD26A2A98F29700B45352 /* AutheticationViewController.swift in Sources */,
				B3CCD26E2A991E8500B45352 /* collectionViewCell.swift in Sources */,
				B3CCD26C2A99086000B45352 /* HomeViewController.swift in Sources */,
			);
			runOnlyForDeploymentPostprocessing = 0;
		};
		B3CCD23D2A98DBC200B45352 /* Sources */ = {
			isa = PBXSourcesBuildPhase;
			buildActionMask = 2147483647;
			files = (
				B3CCD2462A98DBC200B45352 /* RewardzTestTests.swift in Sources */,
			);
			runOnlyForDeploymentPostprocessing = 0;
		};
		B3CCD2472A98DBC200B45352 /* Sources */ = {
			isa = PBXSourcesBuildPhase;
			buildActionMask = 2147483647;
			files = (
				B3CCD2522A98DBC200B45352 /* RewardzTestUITestsLaunchTests.swift in Sources */,
				B3CCD2502A98DBC200B45352 /* RewardzTestUITests.swift in Sources */,
			);
			runOnlyForDeploymentPostprocessing = 0;
		};
/* End PBXSourcesBuildPhase section */

/* Begin PBXTargetDependency section */
		B3CCD2432A98DBC200B45352 /* PBXTargetDependency */ = {
			isa = PBXTargetDependency;
			target = B3CCD2272A98DBC100B45352 /* RewardzTest */;
			targetProxy = B3CCD2422A98DBC200B45352 /* PBXContainerItemProxy */;
		};
		B3CCD24D2A98DBC200B45352 /* PBXTargetDependency */ = {
			isa = PBXTargetDependency;
			target = B3CCD2272A98DBC100B45352 /* RewardzTest */;
			targetProxy = B3CCD24C2A98DBC200B45352 /* PBXContainerItemProxy */;
		};
/* End PBXTargetDependency section */

/* Begin PBXVariantGroup section */
		B3CCD2312A98DBC100B45352 /* Main.storyboard */ = {
			isa = PBXVariantGroup;
			children = (
				B3CCD2322A98DBC100B45352 /* Base */,
			);
			name = Main.storyboard;
			sourceTree = "<group>";
		};
		B3CCD2392A98DBC200B45352 /* LaunchScreen.storyboard */ = {
			isa = PBXVariantGroup;
			children = (
				B3CCD23A2A98DBC200B45352 /* Base */,
			);
			name = LaunchScreen.storyboard;
			sourceTree = "<group>";
		};
/* End PBXVariantGroup section */

/* Begin XCBuildConfiguration section */
		B3CCD2532A98DBC200B45352 /* Debug */ = {
			isa = XCBuildConfiguration;
			buildSettings = {
				ALWAYS_SEARCH_USER_PATHS = NO;
				CLANG_ANALYZER_NONNULL = YES;
				CLANG_ANALYZER_NUMBER_OBJECT_CONVERSION = YES_AGGRESSIVE;
				CLANG_CXX_LANGUAGE_STANDARD = "gnu++20";
				CLANG_ENABLE_MODULES = YES;
				CLANG_ENABLE_OBJC_ARC = YES;
				CLANG_ENABLE_OBJC_WEAK = YES;
				CLANG_WARN_BLOCK_CAPTURE_AUTORELEASING = YES;
				CLANG_WARN_BOOL_CONVERSION = YES;
				CLANG_WARN_COMMA = YES;
				CLANG_WARN_CONSTANT_CONVERSION = YES;
				CLANG_WARN_DEPRECATED_OBJC_IMPLEMENTATIONS = YES;
				CLANG_WARN_DIRECT_OBJC_ISA_USAGE = YES_ERROR;
				CLANG_WARN_DOCUMENTATION_COMMENTS = YES;
				CLANG_WARN_EMPTY_BODY = YES;
				CLANG_WARN_ENUM_CONVERSION = YES;
				CLANG_WARN_INFINITE_RECURSION = YES;
				CLANG_WARN_INT_CONVERSION = YES;
				CLANG_WARN_NON_LITERAL_NULL_CONVERSION = YES;
				CLANG_WARN_OBJC_IMPLICIT_RETAIN_SELF = YES;
				CLANG_WARN_OBJC_LITERAL_CONVERSION = YES;
				CLANG_WARN_OBJC_ROOT_CLASS = YES_ERROR;
				CLANG_WARN_QUOTED_INCLUDE_IN_FRAMEWORK_HEADER = YES;
				CLANG_WARN_RANGE_LOOP_ANALYSIS = YES;
				CLANG_WARN_STRICT_PROTOTYPES = YES;
				CLANG_WARN_SUSPICIOUS_MOVE = YES;
				CLANG_WARN_UNGUARDED_AVAILABILITY = YES_AGGRESSIVE;
				CLANG_WARN_UNREACHABLE_CODE = YES;
				CLANG_WARN__DUPLICATE_METHOD_MATCH = YES;
				COPY_PHASE_STRIP = NO;
				DEBUG_INFORMATION_FORMAT = dwarf;
				ENABLE_STRICT_OBJC_MSGSEND = YES;
				ENABLE_TESTABILITY = YES;
				GCC_C_LANGUAGE_STANDARD = gnu11;
				GCC_DYNAMIC_NO_PIC = NO;
				GCC_NO_COMMON_BLOCKS = YES;
				GCC_OPTIMIZATION_LEVEL = 0;
				GCC_PREPROCESSOR_DEFINITIONS = (
					"DEBUG=1",
					"$(inherited)",
				);
				GCC_WARN_64_TO_32_BIT_CONVERSION = YES;
				GCC_WARN_ABOUT_RETURN_TYPE = YES_ERROR;
				GCC_WARN_UNDECLARED_SELECTOR = YES;
				GCC_WARN_UNINITIALIZED_AUTOS = YES_AGGRESSIVE;
				GCC_WARN_UNUSED_FUNCTION = YES;
				GCC_WARN_UNUSED_VARIABLE = YES;
				IPHONEOS_DEPLOYMENT_TARGET = 16.4;
				MTL_ENABLE_DEBUG_INFO = INCLUDE_SOURCE;
				MTL_FAST_MATH = YES;
				ONLY_ACTIVE_ARCH = YES;
				SDKROOT = iphoneos;
				SWIFT_ACTIVE_COMPILATION_CONDITIONS = DEBUG;
				SWIFT_OPTIMIZATION_LEVEL = "-Onone";
			};
			name = Debug;
		};
		B3CCD2542A98DBC200B45352 /* Release */ = {
			isa = XCBuildConfiguration;
			buildSettings = {
				ALWAYS_SEARCH_USER_PATHS = NO;
				CLANG_ANALYZER_NONNULL = YES;
				CLANG_ANALYZER_NUMBER_OBJECT_CONVERSION = YES_AGGRESSIVE;
				CLANG_CXX_LANGUAGE_STANDARD = "gnu++20";
				CLANG_ENABLE_MODULES = YES;
				CLANG_ENABLE_OBJC_ARC = YES;
				CLANG_ENABLE_OBJC_WEAK = YES;
				CLANG_WARN_BLOCK_CAPTURE_AUTORELEASING = YES;
				CLANG_WARN_BOOL_CONVERSION = YES;
				CLANG_WARN_COMMA = YES;
				CLANG_WARN_CONSTANT_CONVERSION = YES;
				CLANG_WARN_DEPRECATED_OBJC_IMPLEMENTATIONS = YES;
				CLANG_WARN_DIRECT_OBJC_ISA_USAGE = YES_ERROR;
				CLANG_WARN_DOCUMENTATION_COMMENTS = YES;
				CLANG_WARN_EMPTY_BODY = YES;
				CLANG_WARN_ENUM_CONVERSION = YES;
				CLANG_WARN_INFINITE_RECURSION = YES;
				CLANG_WARN_INT_CONVERSION = YES;
				CLANG_WARN_NON_LITERAL_NULL_CONVERSION = YES;
				CLANG_WARN_OBJC_IMPLICIT_RETAIN_SELF = YES;
				CLANG_WARN_OBJC_LITERAL_CONVERSION = YES;
				CLANG_WARN_OBJC_ROOT_CLASS = YES_ERROR;
				CLANG_WARN_QUOTED_INCLUDE_IN_FRAMEWORK_HEADER = YES;
				CLANG_WARN_RANGE_LOOP_ANALYSIS = YES;
				CLANG_WARN_STRICT_PROTOTYPES = YES;
				CLANG_WARN_SUSPICIOUS_MOVE = YES;
				CLANG_WARN_UNGUARDED_AVAILABILITY = YES_AGGRESSIVE;
				CLANG_WARN_UNREACHABLE_CODE = YES;
				CLANG_WARN__DUPLICATE_METHOD_MATCH = YES;
				COPY_PHASE_STRIP = NO;
				DEBUG_INFORMATION_FORMAT = "dwarf-with-dsym";
				ENABLE_NS_ASSERTIONS = NO;
				ENABLE_STRICT_OBJC_MSGSEND = YES;
				GCC_C_LANGUAGE_STANDARD = gnu11;
				GCC_NO_COMMON_BLOCKS = YES;
				GCC_WARN_64_TO_32_BIT_CONVERSION = YES;
				GCC_WARN_ABOUT_RETURN_TYPE = YES_ERROR;
				GCC_WARN_UNDECLARED_SELECTOR = YES;
				GCC_WARN_UNINITIALIZED_AUTOS = YES_AGGRESSIVE;
				GCC_WARN_UNUSED_FUNCTION = YES;
				GCC_WARN_UNUSED_VARIABLE = YES;
				IPHONEOS_DEPLOYMENT_TARGET = 16.4;
				MTL_ENABLE_DEBUG_INFO = NO;
				MTL_FAST_MATH = YES;
				SDKROOT = iphoneos;
				SWIFT_COMPILATION_MODE = wholemodule;
				SWIFT_OPTIMIZATION_LEVEL = "-O";
				VALIDATE_PRODUCT = YES;
			};
			name = Release;
		};
		B3CCD2562A98DBC200B45352 /* Debug */ = {
			isa = XCBuildConfiguration;
			buildSettings = {
				ASSETCATALOG_COMPILER_APPICON_NAME = AppIcon;
				ASSETCATALOG_COMPILER_GLOBAL_ACCENT_COLOR_NAME = AccentColor;
				CODE_SIGN_STYLE = Automatic;
				CURRENT_PROJECT_VERSION = 1;
				DEVELOPMENT_TEAM = 9YPZM75VVH;
				GENERATE_INFOPLIST_FILE = YES;
				INFOPLIST_FILE = RewardzTest/Info.plist;
				INFOPLIST_KEY_UIApplicationSupportsIndirectInputEvents = YES;
				INFOPLIST_KEY_UILaunchStoryboardName = LaunchScreen;
				INFOPLIST_KEY_UIMainStoryboardFile = Main;
				INFOPLIST_KEY_UISupportedInterfaceOrientations_iPad = "UIInterfaceOrientationPortrait UIInterfaceOrientationPortraitUpsideDown UIInterfaceOrientationLandscapeLeft UIInterfaceOrientationLandscapeRight";
				INFOPLIST_KEY_UISupportedInterfaceOrientations_iPhone = "UIInterfaceOrientationPortrait UIInterfaceOrientationLandscapeLeft UIInterfaceOrientationLandscapeRight";
				LD_RUNPATH_SEARCH_PATHS = (
					"$(inherited)",
					"@executable_path/Frameworks",
				);
				MARKETING_VERSION = 1.0;
				PRODUCT_BUNDLE_IDENTIFIER = madhuri.RewardzTest;
				PRODUCT_NAME = "$(TARGET_NAME)";
				SWIFT_EMIT_LOC_STRINGS = YES;
				SWIFT_VERSION = 5.0;
				TARGETED_DEVICE_FAMILY = "1,2";
			};
			name = Debug;
		};
		B3CCD2572A98DBC200B45352 /* Release */ = {
			isa = XCBuildConfiguration;
			buildSettings = {
				ASSETCATALOG_COMPILER_APPICON_NAME = AppIcon;
				ASSETCATALOG_COMPILER_GLOBAL_ACCENT_COLOR_NAME = AccentColor;
				CODE_SIGN_STYLE = Automatic;
				CURRENT_PROJECT_VERSION = 1;
				DEVELOPMENT_TEAM = 9YPZM75VVH;
				GENERATE_INFOPLIST_FILE = YES;
				INFOPLIST_FILE = RewardzTest/Info.plist;
				INFOPLIST_KEY_UIApplicationSupportsIndirectInputEvents = YES;
				INFOPLIST_KEY_UILaunchStoryboardName = LaunchScreen;
				INFOPLIST_KEY_UIMainStoryboardFile = Main;
				INFOPLIST_KEY_UISupportedInterfaceOrientations_iPad = "UIInterfaceOrientationPortrait UIInterfaceOrientationPortraitUpsideDown UIInterfaceOrientationLandscapeLeft UIInterfaceOrientationLandscapeRight";
				INFOPLIST_KEY_UISupportedInterfaceOrientations_iPhone = "UIInterfaceOrientationPortrait UIInterfaceOrientationLandscapeLeft UIInterfaceOrientationLandscapeRight";
				LD_RUNPATH_SEARCH_PATHS = (
					"$(inherited)",
					"@executable_path/Frameworks",
				);
				MARKETING_VERSION = 1.0;
				PRODUCT_BUNDLE_IDENTIFIER = madhuri.RewardzTest;
				PRODUCT_NAME = "$(TARGET_NAME)";
				SWIFT_EMIT_LOC_STRINGS = YES;
				SWIFT_VERSION = 5.0;
				TARGETED_DEVICE_FAMILY = "1,2";
			};
			name = Release;
		};
		B3CCD2592A98DBC200B45352 /* Debug */ = {
			isa = XCBuildConfiguration;
			buildSettings = {
				ALWAYS_EMBED_SWIFT_STANDARD_LIBRARIES = YES;
				BUNDLE_LOADER = "$(TEST_HOST)";
				CODE_SIGN_STYLE = Automatic;
				CURRENT_PROJECT_VERSION = 1;
				DEVELOPMENT_TEAM = 9YPZM75VVH;
				GENERATE_INFOPLIST_FILE = YES;
				IPHONEOS_DEPLOYMENT_TARGET = 16.4;
				MARKETING_VERSION = 1.0;
				PRODUCT_BUNDLE_IDENTIFIER = madhuri.RewardzTestTests;
				PRODUCT_NAME = "$(TARGET_NAME)";
				SWIFT_EMIT_LOC_STRINGS = NO;
				SWIFT_VERSION = 5.0;
				TARGETED_DEVICE_FAMILY = "1,2";
				TEST_HOST = "$(BUILT_PRODUCTS_DIR)/RewardzTest.app/$(BUNDLE_EXECUTABLE_FOLDER_PATH)/RewardzTest";
			};
			name = Debug;
		};
		B3CCD25A2A98DBC200B45352 /* Release */ = {
			isa = XCBuildConfiguration;
			buildSettings = {
				ALWAYS_EMBED_SWIFT_STANDARD_LIBRARIES = YES;
				BUNDLE_LOADER = "$(TEST_HOST)";
				CODE_SIGN_STYLE = Automatic;
				CURRENT_PROJECT_VERSION = 1;
				DEVELOPMENT_TEAM = 9YPZM75VVH;
				GENERATE_INFOPLIST_FILE = YES;
				IPHONEOS_DEPLOYMENT_TARGET = 16.4;
				MARKETING_VERSION = 1.0;
				PRODUCT_BUNDLE_IDENTIFIER = madhuri.RewardzTestTests;
				PRODUCT_NAME = "$(TARGET_NAME)";
				SWIFT_EMIT_LOC_STRINGS = NO;
				SWIFT_VERSION = 5.0;
				TARGETED_DEVICE_FAMILY = "1,2";
				TEST_HOST = "$(BUILT_PRODUCTS_DIR)/RewardzTest.app/$(BUNDLE_EXECUTABLE_FOLDER_PATH)/RewardzTest";
			};
			name = Release;
		};
		B3CCD25C2A98DBC200B45352 /* Debug */ = {
			isa = XCBuildConfiguration;
			buildSettings = {
				ALWAYS_EMBED_SWIFT_STANDARD_LIBRARIES = YES;
				CODE_SIGN_STYLE = Automatic;
				CURRENT_PROJECT_VERSION = 1;
				DEVELOPMENT_TEAM = 9YPZM75VVH;
				GENERATE_INFOPLIST_FILE = YES;
				MARKETING_VERSION = 1.0;
				PRODUCT_BUNDLE_IDENTIFIER = madhuri.RewardzTestUITests;
				PRODUCT_NAME = "$(TARGET_NAME)";
				SWIFT_EMIT_LOC_STRINGS = NO;
				SWIFT_VERSION = 5.0;
				TARGETED_DEVICE_FAMILY = "1,2";
				TEST_TARGET_NAME = RewardzTest;
			};
			name = Debug;
		};
		B3CCD25D2A98DBC200B45352 /* Release */ = {
			isa = XCBuildConfiguration;
			buildSettings = {
				ALWAYS_EMBED_SWIFT_STANDARD_LIBRARIES = YES;
				CODE_SIGN_STYLE = Automatic;
				CURRENT_PROJECT_VERSION = 1;
				DEVELOPMENT_TEAM = 9YPZM75VVH;
				GENERATE_INFOPLIST_FILE = YES;
				MARKETING_VERSION = 1.0;
				PRODUCT_BUNDLE_IDENTIFIER = madhuri.RewardzTestUITests;
				PRODUCT_NAME = "$(TARGET_NAME)";
				SWIFT_EMIT_LOC_STRINGS = NO;
				SWIFT_VERSION = 5.0;
				TARGETED_DEVICE_FAMILY = "1,2";
				TEST_TARGET_NAME = RewardzTest;
			};
			name = Release;
		};
/* End XCBuildConfiguration section */

/* Begin XCConfigurationList section */
		B3CCD2232A98DBC100B45352 /* Build configuration list for PBXProject "RewardzTest" */ = {
			isa = XCConfigurationList;
			buildConfigurations = (
				B3CCD2532A98DBC200B45352 /* Debug */,
				B3CCD2542A98DBC200B45352 /* Release */,
			);
			defaultConfigurationIsVisible = 0;
			defaultConfigurationName = Release;
		};
		B3CCD2552A98DBC200B45352 /* Build configuration list for PBXNativeTarget "RewardzTest" */ = {
			isa = XCConfigurationList;
			buildConfigurations = (
				B3CCD2562A98DBC200B45352 /* Debug */,
				B3CCD2572A98DBC200B45352 /* Release */,
			);
			defaultConfigurationIsVisible = 0;
			defaultConfigurationName = Release;
		};
		B3CCD2582A98DBC200B45352 /* Build configuration list for PBXNativeTarget "RewardzTestTests" */ = {
			isa = XCConfigurationList;
			buildConfigurations = (
				B3CCD2592A98DBC200B45352 /* Debug */,
				B3CCD25A2A98DBC200B45352 /* Release */,
			);
			defaultConfigurationIsVisible = 0;
			defaultConfigurationName = Release;
		};
		B3CCD25B2A98DBC200B45352 /* Build configuration list for PBXNativeTarget "RewardzTestUITests" */ = {
			isa = XCConfigurationList;
			buildConfigurations = (
				B3CCD25C2A98DBC200B45352 /* Debug */,
				B3CCD25D2A98DBC200B45352 /* Release */,
			);
			defaultConfigurationIsVisible = 0;
			defaultConfigurationName = Release;
		};
/* End XCConfigurationList section */

/* Begin XCVersionGroup section */
		B3CCD2342A98DBC100B45352 /* RewardzTest.xcdatamodeld */ = {
			isa = XCVersionGroup;
			children = (
				B3CCD2352A98DBC100B45352 /* RewardzTest.xcdatamodel */,
			);
			currentVersion = B3CCD2352A98DBC100B45352 /* RewardzTest.xcdatamodel */;
			path = RewardzTest.xcdatamodeld;
			sourceTree = "<group>";
			versionGroupType = wrapper.xcdatamodel;
		};
/* End XCVersionGroup section */
	};
	rootObject = B3CCD2202A98DBC100B45352 /* Project object */;
}
